<?xml version="1.0" encoding="UTF-8" standalone="yes" ?>
<CodeBlocks_project_file>
	<FileVersion major="1" minor="6" />
	<Project>
		<Option title="knotenpunkt" />
		<Option pch_mode="2" />
		<Option compiler="gcc" />
		<Build>
			<Target title="Debug">
				<Option output="bin/Debug/knotenpunkt" prefix_auto="1" extension_auto="1" />
				<Option object_output="obj/Debug/" />
				<Option type="1" />
				<Option compiler="gcc" />
				<Compiler>
					<Add option="-g" />
					<Add option="-DDEBUG" />
				</Compiler>
			</Target>
			<Target title="Release">
				<Option output="bin/Release/knotenpunkt" prefix_auto="1" extension_auto="1" />
				<Option object_output="obj/Release/" />
				<Option type="1" />
				<Option compiler="gcc" />
				<Compiler>
					<Add option="-O2" />
					<Add option="-DRELEASE" />
				</Compiler>
				<Linker>
					<Add option="-s" />
				</Linker>
			</Target>
		</Build>
		<Compiler>
			<Add option="-Wall" />
		</Compiler>
		<Unit filename="con_interaction.c">
			<Option compilerVar="CC" />
		</Unit>
		<Unit filename="constants.h" />
		<Unit filename="drawer.c">
			<Option compilerVar="CC" />
		</Unit>
		<Unit filename="drawer.h" />
		<Unit filename="main.c">
			<Option compilerVar="CC" />
		</Unit>
		<Unit filename="network_abstraction.c">
			<Option compilerVar="CC" />
		</Unit>
		<Unit filename="network_abstraction.h" />
		<Unit filename="physik.c">
			<Option compilerVar="CC" />
		</Unit>
		<Unit filename="physik.h" />
		<Unit filename="res.rc">
			<Option compilerVar="WINDRES" />
		</Unit>
		<Unit filename="toolbox.c">
			<Option compilerVar="CC" />
		</Unit>
		<Unit filename="toolbox.h" />
		<Unit filename="worldutils.c">
			<Option compilerVar="CC" />
		</Unit>
		<Unit filename="worldutils.h" />
		<Unit filename="zim_con.h" />
		<Extensions>
			<code_completion />
			<envvars />
			<debugger />
			<lib_finder disable_auto="1" />
			<DoxyBlocks>
				<comment_style block="0" line="0" />
				<doxyfile_project />
				<doxyfile_build />
				<doxyfile_warnings />
				<doxyfile_output />
				<doxyfile_dot />
				<general />
			</DoxyBlocks>
		</Extensions>
	</Project>
</CodeBlocks_project_file>
